
Microsoft Visual Studio Solution File, Format Version 12.00
Project("{FAE04EC0-301F-11D3-BF4B-00C04F79EFBC}") = "OOP-Training", "OOP-Training\OOP-Training.csproj", "{187CCCBD-5A69-4CDC-A38F-A954B19A5C03}"
EndProject
Global
	GlobalSection(SolutionConfigurationPlatforms) = preSolution
		Debug|Any CPU = Debug|Any CPU
		Release|Any CPU = Release|Any CPU
	EndGlobalSection
	GlobalSection(ProjectConfigurationPlatforms) = postSolution
		{187CCCBD-5A69-4CDC-A38F-A954B19A5C03}.Debug|Any CPU.ActiveCfg = Debug|Any CPU
		{187CCCBD-5A69-4CDC-A38F-A954B19A5C03}.Debug|Any CPU.Build.0 = Debug|Any CPU
		{187CCCBD-5A69-4CDC-A38F-A954B19A5C03}.Release|Any CPU.ActiveCfg = Release|Any CPU
		{187CCCBD-5A69-4CDC-A38F-A954B19A5C03}.Release|Any CPU.Build.0 = Release|Any CPU
	EndGlobalSection
EndGlobal
